{
  "name": "friendly-broccoli",
  "version": "1.0.0",
  "lockfileVersion": 3,
  "requires": true,
  "packages": {
    "": {
      "name": "friendly-broccoli",
      "version": "1.0.0",
      "license": "ISC",
      "workspaces": [
        "packages/frontend"
      ]
    },
    "node_modules/frontend": {
      "resolved": "packages/frontend",
      "link": true
    },
    "packages/frontend": {
      "version": "1.0.0",
      "license": "ISC"
    }
  }
}
